%{"bunt": {:hex, :bunt, "0.2.0", "951c6e801e8b1d2cbe58ebbd3e616a869061ddadcc4863d0a2182541acae9a38", [:mix], []},
  "credo": {:hex, :credo, "0.8.8", "990e7844a8d06ebacd88744a55853a83b74270b8a8461c55a4d0334b8e1736c9", [:mix], [{:bunt, "~> 0.2.0", [hex: :bunt, optional: false]}]},
  "erlzmq": {:git, "git://github.com/zeromq/erlzmq2.git", "30249a36b39482a98772c881334ee703715a54cc", [tag: "2.1.11"]},
  "ex_doc": {:git, "git://github.com/elixir-lang/ex_doc.git", "1ce6f1068cf1eeb97e9104977bed87e2a8c3be61", []},
  "gen_listener_tcp": {:git, "https://github.com/kaos/gen_listener_tcp.git", "52be852254bf751e6d339e664d1c4ad7d3936edf", []}}
